
Microsoft Visual Studio Solution File, Format Version 12.00
# Visual Studio Version 17
VisualStudioVersion = 17.9.34728.123
MinimumVisualStudioVersion = 10.0.40219.1
Project("{FAE04EC0-301F-11D3-BF4B-00C04F79EFBC}") = "AppTest", "AppTest.csproj", "{3DD0B0FD-07DB-4B0B-984D-7B0494F8D069}"
EndProject
Global
	GlobalSection(SolutionConfigurationPlatforms) = preSolution
		Debug|Any CPU = Debug|Any CPU
		Release|Any CPU = Release|Any CPU
	EndGlobalSection
	GlobalSection(ProjectConfigurationPlatforms) = postSolution
		{3DD0B0FD-07DB-4B0B-984D-7B0494F8D069}.Debug|Any CPU.ActiveCfg = Debug|Any CPU
		{3DD0B0FD-07DB-4B0B-984D-7B0494F8D069}.Debug|Any CPU.Build.0 = Debug|Any CPU
		{3DD0B0FD-07DB-4B0B-984D-7B0494F8D069}.Release|Any CPU.ActiveCfg = Release|Any CPU
		{3DD0B0FD-07DB-4B0B-984D-7B0494F8D069}.Release|Any CPU.Build.0 = Release|Any CPU
	EndGlobalSection
	GlobalSection(SolutionProperties) = preSolution
		HideSolutionNode = FALSE
	EndGlobalSection
	GlobalSection(ExtensibilityGlobals) = postSolution
		SolutionGuid = {9B5769B9-6EE9-4619-B777-ADAFFA54A39A}
	EndGlobalSection
EndGlobal
